// !$*UTF8*$!
{
	archiveVersion = 1;
	classes = {
	};
	objectVersion = 55;
	objects = {

/* Begin PBXBuildFile section */
		2CA5B867CE24D218ADB08BBE /* Pods_GearRent.framework in Frameworks */ = {isa = PBXBuildFile; fileRef = D0D458830561D8891C60C895 /* Pods_GearRent.framework */; };
		706383251FFFE27651E8BE72 /* Pods_GearRent_GearRentUITests.framework in Frameworks */ = {isa = PBXBuildFile; fileRef = 07D95042386DA8ED8E86EA32 /* Pods_GearRent_GearRentUITests.framework */; };
		A2B6BF89C8D2145E19D0B141 /* Pods_GearRentTests.framework in Frameworks */ = {isa = PBXBuildFile; fileRef = 70AD9F94053C29564CD02015 /* Pods_GearRentTests.framework */; };
		E3A97BB42874A6AB0021FC02 /* AppDelegate.m in Sources */ = {isa = PBXBuildFile; fileRef = E3A97BB32874A6AB0021FC02 /* AppDelegate.m */; };
		E3A97BB72874A6AB0021FC02 /* SceneDelegate.m in Sources */ = {isa = PBXBuildFile; fileRef = E3A97BB62874A6AB0021FC02 /* SceneDelegate.m */; };
		E3A97BBD2874A6AB0021FC02 /* Main.storyboard in Resources */ = {isa = PBXBuildFile; fileRef = E3A97BBB2874A6AB0021FC02 /* Main.storyboard */; };
		E3A97BBF2874A6AC0021FC02 /* Assets.xcassets in Resources */ = {isa = PBXBuildFile; fileRef = E3A97BBE2874A6AC0021FC02 /* Assets.xcassets */; };
		E3A97BC22874A6AC0021FC02 /* LaunchScreen.storyboard in Resources */ = {isa = PBXBuildFile; fileRef = E3A97BC02874A6AC0021FC02 /* LaunchScreen.storyboard */; };
		E3A97BC52874A6AC0021FC02 /* main.m in Sources */ = {isa = PBXBuildFile; fileRef = E3A97BC42874A6AC0021FC02 /* main.m */; };
		E3A97BCF2874A6AC0021FC02 /* GearRentTests.m in Sources */ = {isa = PBXBuildFile; fileRef = E3A97BCE2874A6AC0021FC02 /* GearRentTests.m */; };
		E3A97BD92874A6AC0021FC02 /* GearRentUITests.m in Sources */ = {isa = PBXBuildFile; fileRef = E3A97BD82874A6AC0021FC02 /* GearRentUITests.m */; };
		E3A97BDB2874A6AC0021FC02 /* GearRentUITestsLaunchTests.m in Sources */ = {isa = PBXBuildFile; fileRef = E3A97BDA2874A6AC0021FC02 /* GearRentUITestsLaunchTests.m */; };
		E3A97BEB2874C15E0021FC02 /* GettingStartedViewController.m in Sources */ = {isa = PBXBuildFile; fileRef = E3A97BEA2874C15E0021FC02 /* GettingStartedViewController.m */; };
		E3A97BEE2874CEB10021FC02 /* VerifyEmailViewController.m in Sources */ = {isa = PBXBuildFile; fileRef = E3A97BED2874CEB10021FC02 /* VerifyEmailViewController.m */; };
		E3A97BF12874F1070021FC02 /* SignInViewController.m in Sources */ = {isa = PBXBuildFile; fileRef = E3A97BF02874F1070021FC02 /* SignInViewController.m */; };
		E3A97BF42874F37F0021FC02 /* GearForRentViewController.m in Sources */ = {isa = PBXBuildFile; fileRef = E3A97BF32874F37F0021FC02 /* GearForRentViewController.m */; };
		E3A97BF8287622170021FC02 /* ProfileViewController.m in Sources */ = {isa = PBXBuildFile; fileRef = E3A97BF7287622170021FC02 /* ProfileViewController.m */; };
		E3A97BFB287648C20021FC02 /* ProfileImagePickerViewController.m in Sources */ = {isa = PBXBuildFile; fileRef = E3A97BFA287648C20021FC02 /* ProfileImagePickerViewController.m */; };
		E3A97BFE287766D40021FC02 /* MyListingsViewController.m in Sources */ = {isa = PBXBuildFile; fileRef = E3A97BFD287766D40021FC02 /* MyListingsViewController.m */; };
		E3A97C01287787A10021FC02 /* CreateListingViewController.m in Sources */ = {isa = PBXBuildFile; fileRef = E3A97C00287787A10021FC02 /* CreateListingViewController.m */; };
		E3A97C0428778BA80021FC02 /* ImageCarouselCollectionViewCell.m in Sources */ = {isa = PBXBuildFile; fileRef = E3A97C0328778BA80021FC02 /* ImageCarouselCollectionViewCell.m */; };
		E3A97C0B2878D46E0021FC02 /* Reservation.m in Sources */ = {isa = PBXBuildFile; fileRef = E3A97C0A2878D46E0021FC02 /* Reservation.m */; };
		E3A97C0E2878D5290021FC02 /* Item.m in Sources */ = {isa = PBXBuildFile; fileRef = E3A97C0D2878D5290021FC02 /* Item.m */; };
		E3A97C112878D5E10021FC02 /* TimeInterval.m in Sources */ = {isa = PBXBuildFile; fileRef = E3A97C102878D5E10021FC02 /* TimeInterval.m */; };
		E3A97C132878EEBF0021FC02 /* MapKit.framework in Frameworks */ = {isa = PBXBuildFile; fileRef = E3A97C122878EEBF0021FC02 /* MapKit.framework */; };
		E3A97C16287CE18E0021FC02 /* ListingTableViewCell.m in Sources */ = {isa = PBXBuildFile; fileRef = E3A97C15287CE18E0021FC02 /* ListingTableViewCell.m */; };
		E3A97C19287DE2470021FC02 /* DetailsViewController.m in Sources */ = {isa = PBXBuildFile; fileRef = E3A97C18287DE2470021FC02 /* DetailsViewController.m */; };
		E3A97C252881ED7C0021FC02 /* BookingsViewController.m in Sources */ = {isa = PBXBuildFile; fileRef = E3A97C242881ED7C0021FC02 /* BookingsViewController.m */; };
		E3A97C1F288099E40021FC02 /* ListingReservationsViewController.m in Sources */ = {isa = PBXBuildFile; fileRef = E3A97C1E288099E40021FC02 /* ListingReservationsViewController.m */; };
		E3A97C222880A0410021FC02 /* ReservationTableViewCell.m in Sources */ = {isa = PBXBuildFile; fileRef = E3A97C212880A0410021FC02 /* ReservationTableViewCell.m */; };
/* End PBXBuildFile section */

/* Begin PBXContainerItemProxy section */
		E3A97BCB2874A6AC0021FC02 /* PBXContainerItemProxy */ = {
			isa = PBXContainerItemProxy;
			containerPortal = E3A97BA72874A6AB0021FC02 /* Project object */;
			proxyType = 1;
			remoteGlobalIDString = E3A97BAE2874A6AB0021FC02;
			remoteInfo = GearRent;
		};
		E3A97BD52874A6AC0021FC02 /* PBXContainerItemProxy */ = {
			isa = PBXContainerItemProxy;
			containerPortal = E3A97BA72874A6AB0021FC02 /* Project object */;
			proxyType = 1;
			remoteGlobalIDString = E3A97BAE2874A6AB0021FC02;
			remoteInfo = GearRent;
		};
/* End PBXContainerItemProxy section */

/* Begin PBXFileReference section */
		07D95042386DA8ED8E86EA32 /* Pods_GearRent_GearRentUITests.framework */ = {isa = PBXFileReference; explicitFileType = wrapper.framework; includeInIndex = 0; path = Pods_GearRent_GearRentUITests.framework; sourceTree = BUILT_PRODUCTS_DIR; };
		395A364520B98F5ED0F49EE7 /* Pods-GearRentTests.debug.xcconfig */ = {isa = PBXFileReference; includeInIndex = 1; lastKnownFileType = text.xcconfig; name = "Pods-GearRentTests.debug.xcconfig"; path = "Target Support Files/Pods-GearRentTests/Pods-GearRentTests.debug.xcconfig"; sourceTree = "<group>"; };
		4671344B06E788815D81F53E /* Pods-GearRent-GearRentUITests.debug.xcconfig */ = {isa = PBXFileReference; includeInIndex = 1; lastKnownFileType = text.xcconfig; name = "Pods-GearRent-GearRentUITests.debug.xcconfig"; path = "Target Support Files/Pods-GearRent-GearRentUITests/Pods-GearRent-GearRentUITests.debug.xcconfig"; sourceTree = "<group>"; };
		4A58D89B4E7A5B273D8798E2 /* Pods-GearRent.debug.xcconfig */ = {isa = PBXFileReference; includeInIndex = 1; lastKnownFileType = text.xcconfig; name = "Pods-GearRent.debug.xcconfig"; path = "Target Support Files/Pods-GearRent/Pods-GearRent.debug.xcconfig"; sourceTree = "<group>"; };
		70AD9F94053C29564CD02015 /* Pods_GearRentTests.framework */ = {isa = PBXFileReference; explicitFileType = wrapper.framework; includeInIndex = 0; path = Pods_GearRentTests.framework; sourceTree = BUILT_PRODUCTS_DIR; };
		7C08150371371905A22EECDC /* Pods-GearRent.release.xcconfig */ = {isa = PBXFileReference; includeInIndex = 1; lastKnownFileType = text.xcconfig; name = "Pods-GearRent.release.xcconfig"; path = "Target Support Files/Pods-GearRent/Pods-GearRent.release.xcconfig"; sourceTree = "<group>"; };
		B2D4487FBD0EE0FA5AFB4151 /* Pods-GearRentTests.release.xcconfig */ = {isa = PBXFileReference; includeInIndex = 1; lastKnownFileType = text.xcconfig; name = "Pods-GearRentTests.release.xcconfig"; path = "Target Support Files/Pods-GearRentTests/Pods-GearRentTests.release.xcconfig"; sourceTree = "<group>"; };
		D0D458830561D8891C60C895 /* Pods_GearRent.framework */ = {isa = PBXFileReference; explicitFileType = wrapper.framework; includeInIndex = 0; path = Pods_GearRent.framework; sourceTree = BUILT_PRODUCTS_DIR; };
		E3A97BAF2874A6AB0021FC02 /* GearRent.app */ = {isa = PBXFileReference; explicitFileType = wrapper.application; includeInIndex = 0; path = GearRent.app; sourceTree = BUILT_PRODUCTS_DIR; };
		E3A97BB22874A6AB0021FC02 /* AppDelegate.h */ = {isa = PBXFileReference; lastKnownFileType = sourcecode.c.h; path = AppDelegate.h; sourceTree = "<group>"; };
		E3A97BB32874A6AB0021FC02 /* AppDelegate.m */ = {isa = PBXFileReference; lastKnownFileType = sourcecode.c.objc; path = AppDelegate.m; sourceTree = "<group>"; };
		E3A97BB52874A6AB0021FC02 /* SceneDelegate.h */ = {isa = PBXFileReference; lastKnownFileType = sourcecode.c.h; path = SceneDelegate.h; sourceTree = "<group>"; };
		E3A97BB62874A6AB0021FC02 /* SceneDelegate.m */ = {isa = PBXFileReference; lastKnownFileType = sourcecode.c.objc; path = SceneDelegate.m; sourceTree = "<group>"; };
		E3A97BBC2874A6AB0021FC02 /* Base */ = {isa = PBXFileReference; lastKnownFileType = file.storyboard; name = Base; path = Base.lproj/Main.storyboard; sourceTree = "<group>"; };
		E3A97BBE2874A6AC0021FC02 /* Assets.xcassets */ = {isa = PBXFileReference; lastKnownFileType = folder.assetcatalog; path = Assets.xcassets; sourceTree = "<group>"; };
		E3A97BC12874A6AC0021FC02 /* Base */ = {isa = PBXFileReference; lastKnownFileType = file.storyboard; name = Base; path = Base.lproj/LaunchScreen.storyboard; sourceTree = "<group>"; };
		E3A97BC32874A6AC0021FC02 /* Info.plist */ = {isa = PBXFileReference; lastKnownFileType = text.plist.xml; path = Info.plist; sourceTree = "<group>"; };
		E3A97BC42874A6AC0021FC02 /* main.m */ = {isa = PBXFileReference; lastKnownFileType = sourcecode.c.objc; path = main.m; sourceTree = "<group>"; };
		E3A97BCA2874A6AC0021FC02 /* GearRentTests.xctest */ = {isa = PBXFileReference; explicitFileType = wrapper.cfbundle; includeInIndex = 0; path = GearRentTests.xctest; sourceTree = BUILT_PRODUCTS_DIR; };
		E3A97BCE2874A6AC0021FC02 /* GearRentTests.m */ = {isa = PBXFileReference; lastKnownFileType = sourcecode.c.objc; path = GearRentTests.m; sourceTree = "<group>"; };
		E3A97BD42874A6AC0021FC02 /* GearRentUITests.xctest */ = {isa = PBXFileReference; explicitFileType = wrapper.cfbundle; includeInIndex = 0; path = GearRentUITests.xctest; sourceTree = BUILT_PRODUCTS_DIR; };
		E3A97BD82874A6AC0021FC02 /* GearRentUITests.m */ = {isa = PBXFileReference; lastKnownFileType = sourcecode.c.objc; path = GearRentUITests.m; sourceTree = "<group>"; };
		E3A97BDA2874A6AC0021FC02 /* GearRentUITestsLaunchTests.m */ = {isa = PBXFileReference; lastKnownFileType = sourcecode.c.objc; path = GearRentUITestsLaunchTests.m; sourceTree = "<group>"; };
		E3A97BE92874C15E0021FC02 /* GettingStartedViewController.h */ = {isa = PBXFileReference; lastKnownFileType = sourcecode.c.h; path = GettingStartedViewController.h; sourceTree = "<group>"; };
		E3A97BEA2874C15E0021FC02 /* GettingStartedViewController.m */ = {isa = PBXFileReference; lastKnownFileType = sourcecode.c.objc; path = GettingStartedViewController.m; sourceTree = "<group>"; };
		E3A97BEC2874CEB10021FC02 /* VerifyEmailViewController.h */ = {isa = PBXFileReference; lastKnownFileType = sourcecode.c.h; path = VerifyEmailViewController.h; sourceTree = "<group>"; };
		E3A97BED2874CEB10021FC02 /* VerifyEmailViewController.m */ = {isa = PBXFileReference; lastKnownFileType = sourcecode.c.objc; path = VerifyEmailViewController.m; sourceTree = "<group>"; };
		E3A97BEF2874F1070021FC02 /* SignInViewController.h */ = {isa = PBXFileReference; lastKnownFileType = sourcecode.c.h; path = SignInViewController.h; sourceTree = "<group>"; };
		E3A97BF02874F1070021FC02 /* SignInViewController.m */ = {isa = PBXFileReference; lastKnownFileType = sourcecode.c.objc; path = SignInViewController.m; sourceTree = "<group>"; };
		E3A97BF22874F37F0021FC02 /* GearForRentViewController.h */ = {isa = PBXFileReference; lastKnownFileType = sourcecode.c.h; path = GearForRentViewController.h; sourceTree = "<group>"; };
		E3A97BF32874F37F0021FC02 /* GearForRentViewController.m */ = {isa = PBXFileReference; lastKnownFileType = sourcecode.c.objc; path = GearForRentViewController.m; sourceTree = "<group>"; };
		E3A97BF6287622170021FC02 /* ProfileViewController.h */ = {isa = PBXFileReference; lastKnownFileType = sourcecode.c.h; path = ProfileViewController.h; sourceTree = "<group>"; };
		E3A97BF7287622170021FC02 /* ProfileViewController.m */ = {isa = PBXFileReference; lastKnownFileType = sourcecode.c.objc; path = ProfileViewController.m; sourceTree = "<group>"; };
		E3A97BF9287648C20021FC02 /* ProfileImagePickerViewController.h */ = {isa = PBXFileReference; lastKnownFileType = sourcecode.c.h; path = ProfileImagePickerViewController.h; sourceTree = "<group>"; };
		E3A97BFA287648C20021FC02 /* ProfileImagePickerViewController.m */ = {isa = PBXFileReference; lastKnownFileType = sourcecode.c.objc; path = ProfileImagePickerViewController.m; sourceTree = "<group>"; };
		E3A97BFC287766D40021FC02 /* MyListingsViewController.h */ = {isa = PBXFileReference; lastKnownFileType = sourcecode.c.h; path = MyListingsViewController.h; sourceTree = "<group>"; };
		E3A97BFD287766D40021FC02 /* MyListingsViewController.m */ = {isa = PBXFileReference; lastKnownFileType = sourcecode.c.objc; path = MyListingsViewController.m; sourceTree = "<group>"; };
		E3A97BFF287787A10021FC02 /* CreateListingViewController.h */ = {isa = PBXFileReference; lastKnownFileType = sourcecode.c.h; path = CreateListingViewController.h; sourceTree = "<group>"; };
		E3A97C00287787A10021FC02 /* CreateListingViewController.m */ = {isa = PBXFileReference; lastKnownFileType = sourcecode.c.objc; path = CreateListingViewController.m; sourceTree = "<group>"; };
		E3A97C0228778BA80021FC02 /* ImageCarouselCollectionViewCell.h */ = {isa = PBXFileReference; lastKnownFileType = sourcecode.c.h; path = ImageCarouselCollectionViewCell.h; sourceTree = "<group>"; };
		E3A97C0328778BA80021FC02 /* ImageCarouselCollectionViewCell.m */ = {isa = PBXFileReference; lastKnownFileType = sourcecode.c.objc; path = ImageCarouselCollectionViewCell.m; sourceTree = "<group>"; };
		E3A97C092878D46E0021FC02 /* Reservation.h */ = {isa = PBXFileReference; lastKnownFileType = sourcecode.c.h; path = Reservation.h; sourceTree = "<group>"; };
		E3A97C0A2878D46E0021FC02 /* Reservation.m */ = {isa = PBXFileReference; lastKnownFileType = sourcecode.c.objc; path = Reservation.m; sourceTree = "<group>"; };
		E3A97C0C2878D5290021FC02 /* Item.h */ = {isa = PBXFileReference; fileEncoding = 4; lastKnownFileType = sourcecode.c.h; path = Item.h; sourceTree = "<group>"; };
		E3A97C0D2878D5290021FC02 /* Item.m */ = {isa = PBXFileReference; fileEncoding = 4; lastKnownFileType = sourcecode.c.objc; path = Item.m; sourceTree = "<group>"; };
		E3A97C0F2878D5E10021FC02 /* TimeInterval.h */ = {isa = PBXFileReference; lastKnownFileType = sourcecode.c.h; path = TimeInterval.h; sourceTree = "<group>"; };
		E3A97C102878D5E10021FC02 /* TimeInterval.m */ = {isa = PBXFileReference; lastKnownFileType = sourcecode.c.objc; path = TimeInterval.m; sourceTree = "<group>"; };
		E3A97C122878EEBF0021FC02 /* MapKit.framework */ = {isa = PBXFileReference; lastKnownFileType = wrapper.framework; name = MapKit.framework; path = System/Library/Frameworks/MapKit.framework; sourceTree = SDKROOT; };
		E3A97C14287CE18E0021FC02 /* ListingTableViewCell.h */ = {isa = PBXFileReference; lastKnownFileType = sourcecode.c.h; path = ListingTableViewCell.h; sourceTree = "<group>"; };
		E3A97C15287CE18E0021FC02 /* ListingTableViewCell.m */ = {isa = PBXFileReference; lastKnownFileType = sourcecode.c.objc; path = ListingTableViewCell.m; sourceTree = "<group>"; };
		E3A97C17287DE2470021FC02 /* DetailsViewController.h */ = {isa = PBXFileReference; lastKnownFileType = sourcecode.c.h; path = DetailsViewController.h; sourceTree = "<group>"; };
		E3A97C18287DE2470021FC02 /* DetailsViewController.m */ = {isa = PBXFileReference; lastKnownFileType = sourcecode.c.objc; path = DetailsViewController.m; sourceTree = "<group>"; };
		E3A97C232881ED7C0021FC02 /* BookingsViewController.h */ = {isa = PBXFileReference; lastKnownFileType = sourcecode.c.h; path = BookingsViewController.h; sourceTree = "<group>"; };
		E3A97C242881ED7C0021FC02 /* BookingsViewController.m */ = {isa = PBXFileReference; lastKnownFileType = sourcecode.c.objc; path = BookingsViewController.m; sourceTree = "<group>"; };
		E3A97C1D288099E40021FC02 /* ListingReservationsViewController.h */ = {isa = PBXFileReference; lastKnownFileType = sourcecode.c.h; path = ListingReservationsViewController.h; sourceTree = "<group>"; };
		E3A97C1E288099E40021FC02 /* ListingReservationsViewController.m */ = {isa = PBXFileReference; lastKnownFileType = sourcecode.c.objc; path = ListingReservationsViewController.m; sourceTree = "<group>"; };
		E3A97C202880A0410021FC02 /* ReservationTableViewCell.h */ = {isa = PBXFileReference; lastKnownFileType = sourcecode.c.h; path = ReservationTableViewCell.h; sourceTree = "<group>"; };
		E3A97C212880A0410021FC02 /* ReservationTableViewCell.m */ = {isa = PBXFileReference; lastKnownFileType = sourcecode.c.objc; path = ReservationTableViewCell.m; sourceTree = "<group>"; };
		EC76620D764D40435206D1C0 /* Pods-GearRent-GearRentUITests.release.xcconfig */ = {isa = PBXFileReference; includeInIndex = 1; lastKnownFileType = text.xcconfig; name = "Pods-GearRent-GearRentUITests.release.xcconfig"; path = "Target Support Files/Pods-GearRent-GearRentUITests/Pods-GearRent-GearRentUITests.release.xcconfig"; sourceTree = "<group>"; };
/* End PBXFileReference section */

/* Begin PBXFrameworksBuildPhase section */
		E3A97BAC2874A6AB0021FC02 /* Frameworks */ = {
			isa = PBXFrameworksBuildPhase;
			buildActionMask = 2147483647;
			files = (
				E3A97C132878EEBF0021FC02 /* MapKit.framework in Frameworks */,
				2CA5B867CE24D218ADB08BBE /* Pods_GearRent.framework in Frameworks */,
			);
			runOnlyForDeploymentPostprocessing = 0;
		};
		E3A97BC72874A6AC0021FC02 /* Frameworks */ = {
			isa = PBXFrameworksBuildPhase;
			buildActionMask = 2147483647;
			files = (
				A2B6BF89C8D2145E19D0B141 /* Pods_GearRentTests.framework in Frameworks */,
			);
			runOnlyForDeploymentPostprocessing = 0;
		};
		E3A97BD12874A6AC0021FC02 /* Frameworks */ = {
			isa = PBXFrameworksBuildPhase;
			buildActionMask = 2147483647;
			files = (
				706383251FFFE27651E8BE72 /* Pods_GearRent_GearRentUITests.framework in Frameworks */,
			);
			runOnlyForDeploymentPostprocessing = 0;
		};
/* End PBXFrameworksBuildPhase section */

/* Begin PBXGroup section */
		A01BC731F561C320022C2FEE /* Frameworks */ = {
			isa = PBXGroup;
			children = (
				E3A97C122878EEBF0021FC02 /* MapKit.framework */,
				D0D458830561D8891C60C895 /* Pods_GearRent.framework */,
				07D95042386DA8ED8E86EA32 /* Pods_GearRent_GearRentUITests.framework */,
				70AD9F94053C29564CD02015 /* Pods_GearRentTests.framework */,
			);
			name = Frameworks;
			sourceTree = "<group>";
		};
		D1640F42FB8FEFF94582EB37 /* Pods */ = {
			isa = PBXGroup;
			children = (
				4A58D89B4E7A5B273D8798E2 /* Pods-GearRent.debug.xcconfig */,
				7C08150371371905A22EECDC /* Pods-GearRent.release.xcconfig */,
				4671344B06E788815D81F53E /* Pods-GearRent-GearRentUITests.debug.xcconfig */,
				EC76620D764D40435206D1C0 /* Pods-GearRent-GearRentUITests.release.xcconfig */,
				395A364520B98F5ED0F49EE7 /* Pods-GearRentTests.debug.xcconfig */,
				B2D4487FBD0EE0FA5AFB4151 /* Pods-GearRentTests.release.xcconfig */,
			);
			path = Pods;
			sourceTree = "<group>";
		};
		E3A97BA62874A6AB0021FC02 = {
			isa = PBXGroup;
			children = (
				E3A97BB12874A6AB0021FC02 /* GearRent */,
				E3A97BCD2874A6AC0021FC02 /* GearRentTests */,
				E3A97BD72874A6AC0021FC02 /* GearRentUITests */,
				E3A97BB02874A6AB0021FC02 /* Products */,
				D1640F42FB8FEFF94582EB37 /* Pods */,
				A01BC731F561C320022C2FEE /* Frameworks */,
			);
			sourceTree = "<group>";
		};
		E3A97BB02874A6AB0021FC02 /* Products */ = {
			isa = PBXGroup;
			children = (
				E3A97BAF2874A6AB0021FC02 /* GearRent.app */,
				E3A97BCA2874A6AC0021FC02 /* GearRentTests.xctest */,
				E3A97BD42874A6AC0021FC02 /* GearRentUITests.xctest */,
			);
			name = Products;
			sourceTree = "<group>";
		};
		E3A97BB12874A6AB0021FC02 /* GearRent */ = {
			isa = PBXGroup;
			children = (
				E3A97C052878CEAE0021FC02 /* Models */,
				E3A97BE72874A6C30021FC02 /* Delegates */,
				E3A97BE82874A6D20021FC02 /* ViewControllers */,
				E3A97BBB2874A6AB0021FC02 /* Main.storyboard */,
				E3A97BBE2874A6AC0021FC02 /* Assets.xcassets */,
				E3A97BC02874A6AC0021FC02 /* LaunchScreen.storyboard */,
				E3A97BC32874A6AC0021FC02 /* Info.plist */,
				E3A97BC42874A6AC0021FC02 /* main.m */,
			);
			path = GearRent;
			sourceTree = "<group>";
		};
		E3A97BCD2874A6AC0021FC02 /* GearRentTests */ = {
			isa = PBXGroup;
			children = (
				E3A97BCE2874A6AC0021FC02 /* GearRentTests.m */,
			);
			path = GearRentTests;
			sourceTree = "<group>";
		};
		E3A97BD72874A6AC0021FC02 /* GearRentUITests */ = {
			isa = PBXGroup;
			children = (
				E3A97BD82874A6AC0021FC02 /* GearRentUITests.m */,
				E3A97BDA2874A6AC0021FC02 /* GearRentUITestsLaunchTests.m */,
			);
			path = GearRentUITests;
			sourceTree = "<group>";
		};
		E3A97BE72874A6C30021FC02 /* Delegates */ = {
			isa = PBXGroup;
			children = (
				E3A97BB22874A6AB0021FC02 /* AppDelegate.h */,
				E3A97BB32874A6AB0021FC02 /* AppDelegate.m */,
				E3A97BB52874A6AB0021FC02 /* SceneDelegate.h */,
				E3A97BB62874A6AB0021FC02 /* SceneDelegate.m */,
			);
			path = Delegates;
			sourceTree = "<group>";
		};
		E3A97BE82874A6D20021FC02 /* ViewControllers */ = {
			isa = PBXGroup;
			children = (
				E3A97BF52874F3840021FC02 /* LoginViewControllers */,
				E3A97BF22874F37F0021FC02 /* GearForRentViewController.h */,
				E3A97BF32874F37F0021FC02 /* GearForRentViewController.m */,
				E3A97BF6287622170021FC02 /* ProfileViewController.h */,
				E3A97BF7287622170021FC02 /* ProfileViewController.m */,
				E3A97BF9287648C20021FC02 /* ProfileImagePickerViewController.h */,
				E3A97BFA287648C20021FC02 /* ProfileImagePickerViewController.m */,
				E3A97BFC287766D40021FC02 /* MyListingsViewController.h */,
				E3A97BFD287766D40021FC02 /* MyListingsViewController.m */,
				E3A97BFF287787A10021FC02 /* CreateListingViewController.h */,
				E3A97C00287787A10021FC02 /* CreateListingViewController.m */,
				E3A97C0228778BA80021FC02 /* ImageCarouselCollectionViewCell.h */,
				E3A97C0328778BA80021FC02 /* ImageCarouselCollectionViewCell.m */,
				E3A97C14287CE18E0021FC02 /* ListingTableViewCell.h */,
				E3A97C15287CE18E0021FC02 /* ListingTableViewCell.m */,
				E3A97C17287DE2470021FC02 /* DetailsViewController.h */,
				E3A97C18287DE2470021FC02 /* DetailsViewController.m */,
				E3A97C232881ED7C0021FC02 /* BookingsViewController.h */,
				E3A97C242881ED7C0021FC02 /* BookingsViewController.m */,
				E3A97C1D288099E40021FC02 /* ListingReservationsViewController.h */,
				E3A97C1E288099E40021FC02 /* ListingReservationsViewController.m */,
				E3A97C202880A0410021FC02 /* ReservationTableViewCell.h */,
				E3A97C212880A0410021FC02 /* ReservationTableViewCell.m */,
			);
			path = ViewControllers;
			sourceTree = "<group>";
		};
		E3A97BF52874F3840021FC02 /* LoginViewControllers */ = {
			isa = PBXGroup;
			children = (
				E3A97BE92874C15E0021FC02 /* GettingStartedViewController.h */,
				E3A97BEA2874C15E0021FC02 /* GettingStartedViewController.m */,
				E3A97BEC2874CEB10021FC02 /* VerifyEmailViewController.h */,
				E3A97BED2874CEB10021FC02 /* VerifyEmailViewController.m */,
				E3A97BEF2874F1070021FC02 /* SignInViewController.h */,
				E3A97BF02874F1070021FC02 /* SignInViewController.m */,
			);
			path = LoginViewControllers;
			sourceTree = "<group>";
		};
		E3A97C052878CEAE0021FC02 /* Models */ = {
			isa = PBXGroup;
			children = (
				E3A97C0C2878D5290021FC02 /* Item.h */,
				E3A97C0D2878D5290021FC02 /* Item.m */,
				E3A97C092878D46E0021FC02 /* Reservation.h */,
				E3A97C0A2878D46E0021FC02 /* Reservation.m */,
				E3A97C0F2878D5E10021FC02 /* TimeInterval.h */,
				E3A97C102878D5E10021FC02 /* TimeInterval.m */,
			);
			path = Models;
			sourceTree = "<group>";
		};
/* End PBXGroup section */

/* Begin PBXNativeTarget section */
		E3A97BAE2874A6AB0021FC02 /* GearRent */ = {
			isa = PBXNativeTarget;
			buildConfigurationList = E3A97BDE2874A6AC0021FC02 /* Build configuration list for PBXNativeTarget "GearRent" */;
			buildPhases = (
				1553A00B1DBE0567BF75A060 /* [CP] Check Pods Manifest.lock */,
				E3A97BAB2874A6AB0021FC02 /* Sources */,
				E3A97BAC2874A6AB0021FC02 /* Frameworks */,
				E3A97BAD2874A6AB0021FC02 /* Resources */,
				F1FD4B09EEA9FEC8760846E6 /* [CP] Embed Pods Frameworks */,
			);
			buildRules = (
			);
			dependencies = (
			);
			name = GearRent;
			productName = GearRent;
			productReference = E3A97BAF2874A6AB0021FC02 /* GearRent.app */;
			productType = "com.apple.product-type.application";
		};
		E3A97BC92874A6AC0021FC02 /* GearRentTests */ = {
			isa = PBXNativeTarget;
			buildConfigurationList = E3A97BE12874A6AC0021FC02 /* Build configuration list for PBXNativeTarget "GearRentTests" */;
			buildPhases = (
				AA6B3BCC1529114DC1CD01C0 /* [CP] Check Pods Manifest.lock */,
				E3A97BC62874A6AC0021FC02 /* Sources */,
				E3A97BC72874A6AC0021FC02 /* Frameworks */,
				E3A97BC82874A6AC0021FC02 /* Resources */,
			);
			buildRules = (
			);
			dependencies = (
				E3A97BCC2874A6AC0021FC02 /* PBXTargetDependency */,
			);
			name = GearRentTests;
			productName = GearRentTests;
			productReference = E3A97BCA2874A6AC0021FC02 /* GearRentTests.xctest */;
			productType = "com.apple.product-type.bundle.unit-test";
		};
		E3A97BD32874A6AC0021FC02 /* GearRentUITests */ = {
			isa = PBXNativeTarget;
			buildConfigurationList = E3A97BE42874A6AC0021FC02 /* Build configuration list for PBXNativeTarget "GearRentUITests" */;
			buildPhases = (
				0F41F2C05CFA65C761CABD4A /* [CP] Check Pods Manifest.lock */,
				E3A97BD02874A6AC0021FC02 /* Sources */,
				E3A97BD12874A6AC0021FC02 /* Frameworks */,
				E3A97BD22874A6AC0021FC02 /* Resources */,
				A794F8254A5E4FD1EA70F403 /* [CP] Embed Pods Frameworks */,
			);
			buildRules = (
			);
			dependencies = (
				E3A97BD62874A6AC0021FC02 /* PBXTargetDependency */,
			);
			name = GearRentUITests;
			productName = GearRentUITests;
			productReference = E3A97BD42874A6AC0021FC02 /* GearRentUITests.xctest */;
			productType = "com.apple.product-type.bundle.ui-testing";
		};
/* End PBXNativeTarget section */

/* Begin PBXProject section */
		E3A97BA72874A6AB0021FC02 /* Project object */ = {
			isa = PBXProject;
			attributes = {
				BuildIndependentTargetsInParallel = 1;
				LastUpgradeCheck = 1340;
				TargetAttributes = {
					E3A97BAE2874A6AB0021FC02 = {
						CreatedOnToolsVersion = 13.4.1;
					};
					E3A97BC92874A6AC0021FC02 = {
						CreatedOnToolsVersion = 13.4.1;
						TestTargetID = E3A97BAE2874A6AB0021FC02;
					};
					E3A97BD32874A6AC0021FC02 = {
						CreatedOnToolsVersion = 13.4.1;
						TestTargetID = E3A97BAE2874A6AB0021FC02;
					};
				};
			};
			buildConfigurationList = E3A97BAA2874A6AB0021FC02 /* Build configuration list for PBXProject "GearRent" */;
			compatibilityVersion = "Xcode 13.0";
			developmentRegion = en;
			hasScannedForEncodings = 0;
			knownRegions = (
				en,
				Base,
			);
			mainGroup = E3A97BA62874A6AB0021FC02;
			productRefGroup = E3A97BB02874A6AB0021FC02 /* Products */;
			projectDirPath = "";
			projectRoot = "";
			targets = (
				E3A97BAE2874A6AB0021FC02 /* GearRent */,
				E3A97BC92874A6AC0021FC02 /* GearRentTests */,
				E3A97BD32874A6AC0021FC02 /* GearRentUITests */,
			);
		};
/* End PBXProject section */

/* Begin PBXResourcesBuildPhase section */
		E3A97BAD2874A6AB0021FC02 /* Resources */ = {
			isa = PBXResourcesBuildPhase;
			buildActionMask = 2147483647;
			files = (
				E3A97BC22874A6AC0021FC02 /* LaunchScreen.storyboard in Resources */,
				E3A97BBF2874A6AC0021FC02 /* Assets.xcassets in Resources */,
				E3A97BBD2874A6AB0021FC02 /* Main.storyboard in Resources */,
			);
			runOnlyForDeploymentPostprocessing = 0;
		};
		E3A97BC82874A6AC0021FC02 /* Resources */ = {
			isa = PBXResourcesBuildPhase;
			buildActionMask = 2147483647;
			files = (
			);
			runOnlyForDeploymentPostprocessing = 0;
		};
		E3A97BD22874A6AC0021FC02 /* Resources */ = {
			isa = PBXResourcesBuildPhase;
			buildActionMask = 2147483647;
			files = (
			);
			runOnlyForDeploymentPostprocessing = 0;
		};
/* End PBXResourcesBuildPhase section */

/* Begin PBXShellScriptBuildPhase section */
		0F41F2C05CFA65C761CABD4A /* [CP] Check Pods Manifest.lock */ = {
			isa = PBXShellScriptBuildPhase;
			buildActionMask = 2147483647;
			files = (
			);
			inputFileListPaths = (
			);
			inputPaths = (
				"${PODS_PODFILE_DIR_PATH}/Podfile.lock",
				"${PODS_ROOT}/Manifest.lock",
			);
			name = "[CP] Check Pods Manifest.lock";
			outputFileListPaths = (
			);
			outputPaths = (
				"$(DERIVED_FILE_DIR)/Pods-GearRent-GearRentUITests-checkManifestLockResult.txt",
			);
			runOnlyForDeploymentPostprocessing = 0;
			shellPath = /bin/sh;
			shellScript = "diff \"${PODS_PODFILE_DIR_PATH}/Podfile.lock\" \"${PODS_ROOT}/Manifest.lock\" > /dev/null\nif [ $? != 0 ] ; then\n    # print error to STDERR\n    echo \"error: The sandbox is not in sync with the Podfile.lock. Run 'pod install' or update your CocoaPods installation.\" >&2\n    exit 1\nfi\n# This output is used by Xcode 'outputs' to avoid re-running this script phase.\necho \"SUCCESS\" > \"${SCRIPT_OUTPUT_FILE_0}\"\n";
			showEnvVarsInLog = 0;
		};
		1553A00B1DBE0567BF75A060 /* [CP] Check Pods Manifest.lock */ = {
			isa = PBXShellScriptBuildPhase;
			buildActionMask = 2147483647;
			files = (
			);
			inputFileListPaths = (
			);
			inputPaths = (
				"${PODS_PODFILE_DIR_PATH}/Podfile.lock",
				"${PODS_ROOT}/Manifest.lock",
			);
			name = "[CP] Check Pods Manifest.lock";
			outputFileListPaths = (
			);
			outputPaths = (
				"$(DERIVED_FILE_DIR)/Pods-GearRent-checkManifestLockResult.txt",
			);
			runOnlyForDeploymentPostprocessing = 0;
			shellPath = /bin/sh;
			shellScript = "diff \"${PODS_PODFILE_DIR_PATH}/Podfile.lock\" \"${PODS_ROOT}/Manifest.lock\" > /dev/null\nif [ $? != 0 ] ; then\n    # print error to STDERR\n    echo \"error: The sandbox is not in sync with the Podfile.lock. Run 'pod install' or update your CocoaPods installation.\" >&2\n    exit 1\nfi\n# This output is used by Xcode 'outputs' to avoid re-running this script phase.\necho \"SUCCESS\" > \"${SCRIPT_OUTPUT_FILE_0}\"\n";
			showEnvVarsInLog = 0;
		};
		A794F8254A5E4FD1EA70F403 /* [CP] Embed Pods Frameworks */ = {
			isa = PBXShellScriptBuildPhase;
			buildActionMask = 2147483647;
			files = (
			);
			inputFileListPaths = (
				"${PODS_ROOT}/Target Support Files/Pods-GearRent-GearRentUITests/Pods-GearRent-GearRentUITests-frameworks-${CONFIGURATION}-input-files.xcfilelist",
			);
			name = "[CP] Embed Pods Frameworks";
			outputFileListPaths = (
				"${PODS_ROOT}/Target Support Files/Pods-GearRent-GearRentUITests/Pods-GearRent-GearRentUITests-frameworks-${CONFIGURATION}-output-files.xcfilelist",
			);
			runOnlyForDeploymentPostprocessing = 0;
			shellPath = /bin/sh;
			shellScript = "\"${PODS_ROOT}/Target Support Files/Pods-GearRent-GearRentUITests/Pods-GearRent-GearRentUITests-frameworks.sh\"\n";
			showEnvVarsInLog = 0;
		};
		AA6B3BCC1529114DC1CD01C0 /* [CP] Check Pods Manifest.lock */ = {
			isa = PBXShellScriptBuildPhase;
			buildActionMask = 2147483647;
			files = (
			);
			inputFileListPaths = (
			);
			inputPaths = (
				"${PODS_PODFILE_DIR_PATH}/Podfile.lock",
				"${PODS_ROOT}/Manifest.lock",
			);
			name = "[CP] Check Pods Manifest.lock";
			outputFileListPaths = (
			);
			outputPaths = (
				"$(DERIVED_FILE_DIR)/Pods-GearRentTests-checkManifestLockResult.txt",
			);
			runOnlyForDeploymentPostprocessing = 0;
			shellPath = /bin/sh;
			shellScript = "diff \"${PODS_PODFILE_DIR_PATH}/Podfile.lock\" \"${PODS_ROOT}/Manifest.lock\" > /dev/null\nif [ $? != 0 ] ; then\n    # print error to STDERR\n    echo \"error: The sandbox is not in sync with the Podfile.lock. Run 'pod install' or update your CocoaPods installation.\" >&2\n    exit 1\nfi\n# This output is used by Xcode 'outputs' to avoid re-running this script phase.\necho \"SUCCESS\" > \"${SCRIPT_OUTPUT_FILE_0}\"\n";
			showEnvVarsInLog = 0;
		};
		F1FD4B09EEA9FEC8760846E6 /* [CP] Embed Pods Frameworks */ = {
			isa = PBXShellScriptBuildPhase;
			buildActionMask = 2147483647;
			files = (
			);
			inputFileListPaths = (
				"${PODS_ROOT}/Target Support Files/Pods-GearRent/Pods-GearRent-frameworks-${CONFIGURATION}-input-files.xcfilelist",
			);
			name = "[CP] Embed Pods Frameworks";
			outputFileListPaths = (
				"${PODS_ROOT}/Target Support Files/Pods-GearRent/Pods-GearRent-frameworks-${CONFIGURATION}-output-files.xcfilelist",
			);
			runOnlyForDeploymentPostprocessing = 0;
			shellPath = /bin/sh;
			shellScript = "\"${PODS_ROOT}/Target Support Files/Pods-GearRent/Pods-GearRent-frameworks.sh\"\n";
			showEnvVarsInLog = 0;
		};
/* End PBXShellScriptBuildPhase section */

/* Begin PBXSourcesBuildPhase section */
		E3A97BAB2874A6AB0021FC02 /* Sources */ = {
			isa = PBXSourcesBuildPhase;
			buildActionMask = 2147483647;
			files = (
				E3A97C252881ED7C0021FC02 /* BookingsViewController.m in Sources */,
				E3A97C0B2878D46E0021FC02 /* Reservation.m in Sources */,
				E3A97C0428778BA80021FC02 /* ImageCarouselCollectionViewCell.m in Sources */,
				E3A97BB42874A6AB0021FC02 /* AppDelegate.m in Sources */,
				E3A97BF42874F37F0021FC02 /* GearForRentViewController.m in Sources */,
				E3A97C282881EEC60021FC02 /* ReservationTableViewCell.m in Sources */,
				E3A97BF8287622170021FC02 /* ProfileViewController.m in Sources */,
				E3A97C222880A0410021FC02 /* ReservationTableViewCell.m in Sources */,
				E3A97BEB2874C15E0021FC02 /* GettingStartedViewController.m in Sources */,
				E3A97BC52874A6AC0021FC02 /* main.m in Sources */,
				E3A97BB72874A6AB0021FC02 /* SceneDelegate.m in Sources */,
				E3A97BF12874F1070021FC02 /* SignInViewController.m in Sources */,
				E3A97C112878D5E10021FC02 /* TimeInterval.m in Sources */,
				E3A97C19287DE2470021FC02 /* DetailsViewController.m in Sources */,
				E3A97C01287787A10021FC02 /* CreateListingViewController.m in Sources */,
				E3A97BFB287648C20021FC02 /* ProfileImagePickerViewController.m in Sources */,
				E3A97BEE2874CEB10021FC02 /* VerifyEmailViewController.m in Sources */,
				E3A97C0E2878D5290021FC02 /* Item.m in Sources */,
				E3A97C16287CE18E0021FC02 /* ListingTableViewCell.m in Sources */,
				E3A97C1F288099E40021FC02 /* ListingReservationsViewController.m in Sources */,
				E3A97BFE287766D40021FC02 /* MyListingsViewController.m in Sources */,
			);
			runOnlyForDeploymentPostprocessing = 0;
		};
		E3A97BC62874A6AC0021FC02 /* Sources */ = {
			isa = PBXSourcesBuildPhase;
			buildActionMask = 2147483647;
			files = (
				E3A97BCF2874A6AC0021FC02 /* GearRentTests.m in Sources */,
			);
			runOnlyForDeploymentPostprocessing = 0;
		};
		E3A97BD02874A6AC0021FC02 /* Sources */ = {
			isa = PBXSourcesBuildPhase;
			buildActionMask = 2147483647;
			files = (
				E3A97BDB2874A6AC0021FC02 /* GearRentUITestsLaunchTests.m in Sources */,
				E3A97BD92874A6AC0021FC02 /* GearRentUITests.m in Sources */,
			);
			runOnlyForDeploymentPostprocessing = 0;
		};
/* End PBXSourcesBuildPhase section */

/* Begin PBXTargetDependency section */
		E3A97BCC2874A6AC0021FC02 /* PBXTargetDependency */ = {
			isa = PBXTargetDependency;
			target = E3A97BAE2874A6AB0021FC02 /* GearRent */;
			targetProxy = E3A97BCB2874A6AC0021FC02 /* PBXContainerItemProxy */;
		};
		E3A97BD62874A6AC0021FC02 /* PBXTargetDependency */ = {
			isa = PBXTargetDependency;
			target = E3A97BAE2874A6AB0021FC02 /* GearRent */;
			targetProxy = E3A97BD52874A6AC0021FC02 /* PBXContainerItemProxy */;
		};
/* End PBXTargetDependency section */

/* Begin PBXVariantGroup section */
		E3A97BBB2874A6AB0021FC02 /* Main.storyboard */ = {
			isa = PBXVariantGroup;
			children = (
				E3A97BBC2874A6AB0021FC02 /* Base */,
			);
			name = Main.storyboard;
			sourceTree = "<group>";
		};
		E3A97BC02874A6AC0021FC02 /* LaunchScreen.storyboard */ = {
			isa = PBXVariantGroup;
			children = (
				E3A97BC12874A6AC0021FC02 /* Base */,
			);
			name = LaunchScreen.storyboard;
			sourceTree = "<group>";
		};
/* End PBXVariantGroup section */

/* Begin XCBuildConfiguration section */
		E3A97BDC2874A6AC0021FC02 /* Debug */ = {
			isa = XCBuildConfiguration;
			buildSettings = {
				ALWAYS_SEARCH_USER_PATHS = NO;
				CLANG_ANALYZER_NONNULL = YES;
				CLANG_ANALYZER_NUMBER_OBJECT_CONVERSION = YES_AGGRESSIVE;
				CLANG_CXX_LANGUAGE_STANDARD = "gnu++17";
				CLANG_ENABLE_MODULES = YES;
				CLANG_ENABLE_OBJC_ARC = YES;
				CLANG_ENABLE_OBJC_WEAK = YES;
				CLANG_WARN_BLOCK_CAPTURE_AUTORELEASING = YES;
				CLANG_WARN_BOOL_CONVERSION = YES;
				CLANG_WARN_COMMA = YES;
				CLANG_WARN_CONSTANT_CONVERSION = YES;
				CLANG_WARN_DEPRECATED_OBJC_IMPLEMENTATIONS = YES;
				CLANG_WARN_DIRECT_OBJC_ISA_USAGE = YES_ERROR;
				CLANG_WARN_DOCUMENTATION_COMMENTS = YES;
				CLANG_WARN_EMPTY_BODY = YES;
				CLANG_WARN_ENUM_CONVERSION = YES;
				CLANG_WARN_INFINITE_RECURSION = YES;
				CLANG_WARN_INT_CONVERSION = YES;
				CLANG_WARN_NON_LITERAL_NULL_CONVERSION = YES;
				CLANG_WARN_OBJC_IMPLICIT_RETAIN_SELF = YES;
				CLANG_WARN_OBJC_LITERAL_CONVERSION = YES;
				CLANG_WARN_OBJC_ROOT_CLASS = YES_ERROR;
				CLANG_WARN_QUOTED_INCLUDE_IN_FRAMEWORK_HEADER = YES;
				CLANG_WARN_RANGE_LOOP_ANALYSIS = YES;
				CLANG_WARN_STRICT_PROTOTYPES = YES;
				CLANG_WARN_SUSPICIOUS_MOVE = YES;
				CLANG_WARN_UNGUARDED_AVAILABILITY = YES_AGGRESSIVE;
				CLANG_WARN_UNREACHABLE_CODE = YES;
				CLANG_WARN__DUPLICATE_METHOD_MATCH = YES;
				COPY_PHASE_STRIP = NO;
				DEBUG_INFORMATION_FORMAT = dwarf;
				ENABLE_STRICT_OBJC_MSGSEND = YES;
				ENABLE_TESTABILITY = YES;
				GCC_C_LANGUAGE_STANDARD = gnu11;
				GCC_DYNAMIC_NO_PIC = NO;
				GCC_NO_COMMON_BLOCKS = YES;
				GCC_OPTIMIZATION_LEVEL = 0;
				GCC_PREPROCESSOR_DEFINITIONS = (
					"DEBUG=1",
					"$(inherited)",
				);
				GCC_WARN_64_TO_32_BIT_CONVERSION = YES;
				GCC_WARN_ABOUT_RETURN_TYPE = YES_ERROR;
				GCC_WARN_UNDECLARED_SELECTOR = YES;
				GCC_WARN_UNINITIALIZED_AUTOS = YES_AGGRESSIVE;
				GCC_WARN_UNUSED_FUNCTION = YES;
				GCC_WARN_UNUSED_VARIABLE = YES;
				IPHONEOS_DEPLOYMENT_TARGET = 15.5;
				MTL_ENABLE_DEBUG_INFO = INCLUDE_SOURCE;
				MTL_FAST_MATH = YES;
				ONLY_ACTIVE_ARCH = YES;
				SDKROOT = iphoneos;
			};
			name = Debug;
		};
		E3A97BDD2874A6AC0021FC02 /* Release */ = {
			isa = XCBuildConfiguration;
			buildSettings = {
				ALWAYS_SEARCH_USER_PATHS = NO;
				CLANG_ANALYZER_NONNULL = YES;
				CLANG_ANALYZER_NUMBER_OBJECT_CONVERSION = YES_AGGRESSIVE;
				CLANG_CXX_LANGUAGE_STANDARD = "gnu++17";
				CLANG_ENABLE_MODULES = YES;
				CLANG_ENABLE_OBJC_ARC = YES;
				CLANG_ENABLE_OBJC_WEAK = YES;
				CLANG_WARN_BLOCK_CAPTURE_AUTORELEASING = YES;
				CLANG_WARN_BOOL_CONVERSION = YES;
				CLANG_WARN_COMMA = YES;
				CLANG_WARN_CONSTANT_CONVERSION = YES;
				CLANG_WARN_DEPRECATED_OBJC_IMPLEMENTATIONS = YES;
				CLANG_WARN_DIRECT_OBJC_ISA_USAGE = YES_ERROR;
				CLANG_WARN_DOCUMENTATION_COMMENTS = YES;
				CLANG_WARN_EMPTY_BODY = YES;
				CLANG_WARN_ENUM_CONVERSION = YES;
				CLANG_WARN_INFINITE_RECURSION = YES;
				CLANG_WARN_INT_CONVERSION = YES;
				CLANG_WARN_NON_LITERAL_NULL_CONVERSION = YES;
				CLANG_WARN_OBJC_IMPLICIT_RETAIN_SELF = YES;
				CLANG_WARN_OBJC_LITERAL_CONVERSION = YES;
				CLANG_WARN_OBJC_ROOT_CLASS = YES_ERROR;
				CLANG_WARN_QUOTED_INCLUDE_IN_FRAMEWORK_HEADER = YES;
				CLANG_WARN_RANGE_LOOP_ANALYSIS = YES;
				CLANG_WARN_STRICT_PROTOTYPES = YES;
				CLANG_WARN_SUSPICIOUS_MOVE = YES;
				CLANG_WARN_UNGUARDED_AVAILABILITY = YES_AGGRESSIVE;
				CLANG_WARN_UNREACHABLE_CODE = YES;
				CLANG_WARN__DUPLICATE_METHOD_MATCH = YES;
				COPY_PHASE_STRIP = NO;
				DEBUG_INFORMATION_FORMAT = "dwarf-with-dsym";
				ENABLE_NS_ASSERTIONS = NO;
				ENABLE_STRICT_OBJC_MSGSEND = YES;
				GCC_C_LANGUAGE_STANDARD = gnu11;
				GCC_NO_COMMON_BLOCKS = YES;
				GCC_WARN_64_TO_32_BIT_CONVERSION = YES;
				GCC_WARN_ABOUT_RETURN_TYPE = YES_ERROR;
				GCC_WARN_UNDECLARED_SELECTOR = YES;
				GCC_WARN_UNINITIALIZED_AUTOS = YES_AGGRESSIVE;
				GCC_WARN_UNUSED_FUNCTION = YES;
				GCC_WARN_UNUSED_VARIABLE = YES;
				IPHONEOS_DEPLOYMENT_TARGET = 15.5;
				MTL_ENABLE_DEBUG_INFO = NO;
				MTL_FAST_MATH = YES;
				SDKROOT = iphoneos;
				VALIDATE_PRODUCT = YES;
			};
			name = Release;
		};
		E3A97BDF2874A6AC0021FC02 /* Debug */ = {
			isa = XCBuildConfiguration;
			baseConfigurationReference = 4A58D89B4E7A5B273D8798E2 /* Pods-GearRent.debug.xcconfig */;
			buildSettings = {
				ASSETCATALOG_COMPILER_APPICON_NAME = AppIcon;
				ASSETCATALOG_COMPILER_GLOBAL_ACCENT_COLOR_NAME = AccentColor;
				CODE_SIGN_STYLE = Automatic;
				CURRENT_PROJECT_VERSION = 1;
				DEVELOPMENT_TEAM = VK7T9V22BP;
				GENERATE_INFOPLIST_FILE = YES;
				INFOPLIST_FILE = GearRent/Info.plist;
				INFOPLIST_KEY_UIApplicationSupportsIndirectInputEvents = YES;
				INFOPLIST_KEY_UILaunchStoryboardName = LaunchScreen;
				INFOPLIST_KEY_UIMainStoryboardFile = Main;
				INFOPLIST_KEY_UISupportedInterfaceOrientations_iPad = "UIInterfaceOrientationPortrait UIInterfaceOrientationPortraitUpsideDown UIInterfaceOrientationLandscapeLeft UIInterfaceOrientationLandscapeRight";
				INFOPLIST_KEY_UISupportedInterfaceOrientations_iPhone = "UIInterfaceOrientationPortrait UIInterfaceOrientationLandscapeLeft UIInterfaceOrientationLandscapeRight";
				LD_RUNPATH_SEARCH_PATHS = (
					"$(inherited)",
					"@executable_path/Frameworks",
				);
				MARKETING_VERSION = 1.0;
				PRODUCT_BUNDLE_IDENTIFIER = com.enino.GearRent;
				PRODUCT_NAME = "$(TARGET_NAME)";
				SWIFT_EMIT_LOC_STRINGS = YES;
				TARGETED_DEVICE_FAMILY = "1,2";
			};
			name = Debug;
		};
		E3A97BE02874A6AC0021FC02 /* Release */ = {
			isa = XCBuildConfiguration;
			baseConfigurationReference = 7C08150371371905A22EECDC /* Pods-GearRent.release.xcconfig */;
			buildSettings = {
				ASSETCATALOG_COMPILER_APPICON_NAME = AppIcon;
				ASSETCATALOG_COMPILER_GLOBAL_ACCENT_COLOR_NAME = AccentColor;
				CODE_SIGN_STYLE = Automatic;
				CURRENT_PROJECT_VERSION = 1;
				DEVELOPMENT_TEAM = VK7T9V22BP;
				GENERATE_INFOPLIST_FILE = YES;
				INFOPLIST_FILE = GearRent/Info.plist;
				INFOPLIST_KEY_UIApplicationSupportsIndirectInputEvents = YES;
				INFOPLIST_KEY_UILaunchStoryboardName = LaunchScreen;
				INFOPLIST_KEY_UIMainStoryboardFile = Main;
				INFOPLIST_KEY_UISupportedInterfaceOrientations_iPad = "UIInterfaceOrientationPortrait UIInterfaceOrientationPortraitUpsideDown UIInterfaceOrientationLandscapeLeft UIInterfaceOrientationLandscapeRight";
				INFOPLIST_KEY_UISupportedInterfaceOrientations_iPhone = "UIInterfaceOrientationPortrait UIInterfaceOrientationLandscapeLeft UIInterfaceOrientationLandscapeRight";
				LD_RUNPATH_SEARCH_PATHS = (
					"$(inherited)",
					"@executable_path/Frameworks",
				);
				MARKETING_VERSION = 1.0;
				PRODUCT_BUNDLE_IDENTIFIER = com.enino.GearRent;
				PRODUCT_NAME = "$(TARGET_NAME)";
				SWIFT_EMIT_LOC_STRINGS = YES;
				TARGETED_DEVICE_FAMILY = "1,2";
			};
			name = Release;
		};
		E3A97BE22874A6AC0021FC02 /* Debug */ = {
			isa = XCBuildConfiguration;
			baseConfigurationReference = 395A364520B98F5ED0F49EE7 /* Pods-GearRentTests.debug.xcconfig */;
			buildSettings = {
				BUNDLE_LOADER = "$(TEST_HOST)";
				CODE_SIGN_STYLE = Automatic;
				CURRENT_PROJECT_VERSION = 1;
				DEVELOPMENT_TEAM = VK7T9V22BP;
				GENERATE_INFOPLIST_FILE = YES;
				IPHONEOS_DEPLOYMENT_TARGET = 15.5;
				MARKETING_VERSION = 1.0;
				PRODUCT_BUNDLE_IDENTIFIER = com.enino.GearRentTests;
				PRODUCT_NAME = "$(TARGET_NAME)";
				SWIFT_EMIT_LOC_STRINGS = NO;
				TARGETED_DEVICE_FAMILY = "1,2";
				TEST_HOST = "$(BUILT_PRODUCTS_DIR)/GearRent.app/GearRent";
			};
			name = Debug;
		};
		E3A97BE32874A6AC0021FC02 /* Release */ = {
			isa = XCBuildConfiguration;
			baseConfigurationReference = B2D4487FBD0EE0FA5AFB4151 /* Pods-GearRentTests.release.xcconfig */;
			buildSettings = {
				BUNDLE_LOADER = "$(TEST_HOST)";
				CODE_SIGN_STYLE = Automatic;
				CURRENT_PROJECT_VERSION = 1;
				DEVELOPMENT_TEAM = VK7T9V22BP;
				GENERATE_INFOPLIST_FILE = YES;
				IPHONEOS_DEPLOYMENT_TARGET = 15.5;
				MARKETING_VERSION = 1.0;
				PRODUCT_BUNDLE_IDENTIFIER = com.enino.GearRentTests;
				PRODUCT_NAME = "$(TARGET_NAME)";
				SWIFT_EMIT_LOC_STRINGS = NO;
				TARGETED_DEVICE_FAMILY = "1,2";
				TEST_HOST = "$(BUILT_PRODUCTS_DIR)/GearRent.app/GearRent";
			};
			name = Release;
		};
		E3A97BE52874A6AC0021FC02 /* Debug */ = {
			isa = XCBuildConfiguration;
			baseConfigurationReference = 4671344B06E788815D81F53E /* Pods-GearRent-GearRentUITests.debug.xcconfig */;
			buildSettings = {
				CODE_SIGN_STYLE = Automatic;
				CURRENT_PROJECT_VERSION = 1;
				DEVELOPMENT_TEAM = VK7T9V22BP;
				GENERATE_INFOPLIST_FILE = YES;
				MARKETING_VERSION = 1.0;
				PRODUCT_BUNDLE_IDENTIFIER = com.enino.GearRentUITests;
				PRODUCT_NAME = "$(TARGET_NAME)";
				SWIFT_EMIT_LOC_STRINGS = NO;
				TARGETED_DEVICE_FAMILY = "1,2";
				TEST_TARGET_NAME = GearRent;
			};
			name = Debug;
		};
		E3A97BE62874A6AC0021FC02 /* Release */ = {
			isa = XCBuildConfiguration;
			baseConfigurationReference = EC76620D764D40435206D1C0 /* Pods-GearRent-GearRentUITests.release.xcconfig */;
			buildSettings = {
				CODE_SIGN_STYLE = Automatic;
				CURRENT_PROJECT_VERSION = 1;
				DEVELOPMENT_TEAM = VK7T9V22BP;
				GENERATE_INFOPLIST_FILE = YES;
				MARKETING_VERSION = 1.0;
				PRODUCT_BUNDLE_IDENTIFIER = com.enino.GearRentUITests;
				PRODUCT_NAME = "$(TARGET_NAME)";
				SWIFT_EMIT_LOC_STRINGS = NO;
				TARGETED_DEVICE_FAMILY = "1,2";
				TEST_TARGET_NAME = GearRent;
			};
			name = Release;
		};
/* End XCBuildConfiguration section */

/* Begin XCConfigurationList section */
		E3A97BAA2874A6AB0021FC02 /* Build configuration list for PBXProject "GearRent" */ = {
			isa = XCConfigurationList;
			buildConfigurations = (
				E3A97BDC2874A6AC0021FC02 /* Debug */,
				E3A97BDD2874A6AC0021FC02 /* Release */,
			);
			defaultConfigurationIsVisible = 0;
			defaultConfigurationName = Release;
		};
		E3A97BDE2874A6AC0021FC02 /* Build configuration list for PBXNativeTarget "GearRent" */ = {
			isa = XCConfigurationList;
			buildConfigurations = (
				E3A97BDF2874A6AC0021FC02 /* Debug */,
				E3A97BE02874A6AC0021FC02 /* Release */,
			);
			defaultConfigurationIsVisible = 0;
			defaultConfigurationName = Release;
		};
		E3A97BE12874A6AC0021FC02 /* Build configuration list for PBXNativeTarget "GearRentTests" */ = {
			isa = XCConfigurationList;
			buildConfigurations = (
				E3A97BE22874A6AC0021FC02 /* Debug */,
				E3A97BE32874A6AC0021FC02 /* Release */,
			);
			defaultConfigurationIsVisible = 0;
			defaultConfigurationName = Release;
		};
		E3A97BE42874A6AC0021FC02 /* Build configuration list for PBXNativeTarget "GearRentUITests" */ = {
			isa = XCConfigurationList;
			buildConfigurations = (
				E3A97BE52874A6AC0021FC02 /* Debug */,
				E3A97BE62874A6AC0021FC02 /* Release */,
			);
			defaultConfigurationIsVisible = 0;
			defaultConfigurationName = Release;
		};
/* End XCConfigurationList section */
	};
	rootObject = E3A97BA72874A6AB0021FC02 /* Project object */;
}
